
Microsoft Visual Studio Solution File, Format Version 12.00
# Visual Studio Version 16
VisualStudioVersion = 16.0.31515.178
MinimumVisualStudioVersion = 10.0.40219.1
Project("{9A19103F-16F7-4668-BE54-9A1E7A4F7556}") = "AHSLauncher", "..\ArkHookServerGUI\AHSLauncher.csproj", "{3911AE1D-3416-4E9C-8AAA-F560A129678D}"
	ProjectSection(ProjectDependencies) = postProject
		{AADBF2A6-77B3-46F9-B9BD-725E6819465E} = {AADBF2A6-77B3-46F9-B9BD-725E6819465E}
	EndProjectSection
EndProject
Project("{2150E333-8FDC-42A3-9474-1A3956D46DE8}") = "Solution Items", "Solution Items", "{002CACA2-70C9-4379-AA8E-E12CC16FAED0}"
	ProjectSection(SolutionItems) = preProject
		..\Frida\frida-clr-15.0.18-windows-x86_64.dll = ..\Frida\frida-clr-15.0.18-windows-x86_64.dll
	EndProjectSection
EndProject
Project("{FAE04EC0-301F-11D3-BF4B-00C04F79EFBC}") = "AHSFridaBinding", "..\FridaSharp\FridaSharp\AHSFridaBinding.csproj", "{BCA60FBD-7473-4739-A031-18413DE0DAD9}"
EndProject
Project("{FAE04EC0-301F-11D3-BF4B-00C04F79EFBC}") = "AHSCore", "..\AHSCore\AHSCore.csproj", "{AADBF2A6-77B3-46F9-B9BD-725E6819465E}"
EndProject
Global
	GlobalSection(SolutionConfigurationPlatforms) = preSolution
		Debug|Any CPU = Debug|Any CPU
		Debug|x64 = Debug|x64
		Release|Any CPU = Release|Any CPU
		Release|x64 = Release|x64
	EndGlobalSection
	GlobalSection(ProjectConfigurationPlatforms) = postSolution
		{3911AE1D-3416-4E9C-8AAA-F560A129678D}.Debug|Any CPU.ActiveCfg = Debug|Any CPU
		{3911AE1D-3416-4E9C-8AAA-F560A129678D}.Debug|Any CPU.Build.0 = Debug|Any CPU
		{3911AE1D-3416-4E9C-8AAA-F560A129678D}.Debug|x64.ActiveCfg = Debug|Any CPU
		{3911AE1D-3416-4E9C-8AAA-F560A129678D}.Debug|x64.Build.0 = Debug|Any CPU
		{3911AE1D-3416-4E9C-8AAA-F560A129678D}.Release|Any CPU.ActiveCfg = Release|Any CPU
		{3911AE1D-3416-4E9C-8AAA-F560A129678D}.Release|Any CPU.Build.0 = Release|Any CPU
		{3911AE1D-3416-4E9C-8AAA-F560A129678D}.Release|x64.ActiveCfg = Release|Any CPU
		{3911AE1D-3416-4E9C-8AAA-F560A129678D}.Release|x64.Build.0 = Release|Any CPU
		{BCA60FBD-7473-4739-A031-18413DE0DAD9}.Debug|Any CPU.ActiveCfg = Debug|Any CPU
		{BCA60FBD-7473-4739-A031-18413DE0DAD9}.Debug|Any CPU.Build.0 = Debug|Any CPU
		{BCA60FBD-7473-4739-A031-18413DE0DAD9}.Debug|x64.ActiveCfg = Debug|x64
		{BCA60FBD-7473-4739-A031-18413DE0DAD9}.Debug|x64.Build.0 = Debug|x64
		{BCA60FBD-7473-4739-A031-18413DE0DAD9}.Release|Any CPU.ActiveCfg = Release|Any CPU
		{BCA60FBD-7473-4739-A031-18413DE0DAD9}.Release|Any CPU.Build.0 = Release|Any CPU
		{BCA60FBD-7473-4739-A031-18413DE0DAD9}.Release|x64.ActiveCfg = Release|x64
		{BCA60FBD-7473-4739-A031-18413DE0DAD9}.Release|x64.Build.0 = Release|x64
		{AADBF2A6-77B3-46F9-B9BD-725E6819465E}.Debug|Any CPU.ActiveCfg = Debug|Any CPU
		{AADBF2A6-77B3-46F9-B9BD-725E6819465E}.Debug|Any CPU.Build.0 = Debug|Any CPU
		{AADBF2A6-77B3-46F9-B9BD-725E6819465E}.Debug|x64.ActiveCfg = Debug|Any CPU
		{AADBF2A6-77B3-46F9-B9BD-725E6819465E}.Debug|x64.Build.0 = Debug|Any CPU
		{AADBF2A6-77B3-46F9-B9BD-725E6819465E}.Release|Any CPU.ActiveCfg = Release|Any CPU
		{AADBF2A6-77B3-46F9-B9BD-725E6819465E}.Release|Any CPU.Build.0 = Release|Any CPU
		{AADBF2A6-77B3-46F9-B9BD-725E6819465E}.Release|x64.ActiveCfg = Release|Any CPU
		{AADBF2A6-77B3-46F9-B9BD-725E6819465E}.Release|x64.Build.0 = Release|Any CPU
	EndGlobalSection
	GlobalSection(SolutionProperties) = preSolution
		HideSolutionNode = FALSE
	EndGlobalSection
	GlobalSection(ExtensibilityGlobals) = postSolution
		SolutionGuid = {5A918767-AF4B-48C5-BD33-F0E627D58BF8}
	EndGlobalSection
EndGlobal
